
Microsoft Visual Studio Solution File, Format Version 12.00
# Visual Studio Version 17
VisualStudioVersion = 17.13.35825.156
MinimumVisualStudioVersion = 10.0.40219.1
Project("{FAE04EC0-301F-11D3-BF4B-00C04F79EFBC}") = "WebApiDePrueba", "WebApiDePrueba\WebApiDePrueba.csproj", "{C5D3BAEC-A07D-4802-B284-460A2FE53A6C}"
EndProject
Project("{FAE04EC0-301F-11D3-BF4B-00C04F79EFBC}") = "MVCDePrueba", "MVCDePrueba\MVCDePrueba.csproj", "{32690B5C-6545-41F8-91B7-1B1F3DF81865}"
EndProject
Global
	GlobalSection(SolutionConfigurationPlatforms) = preSolution
		Debug|Any CPU = Debug|Any CPU
		Release|Any CPU = Release|Any CPU
	EndGlobalSection
	GlobalSection(ProjectConfigurationPlatforms) = postSolution
		{C5D3BAEC-A07D-4802-B284-460A2FE53A6C}.Debug|Any CPU.ActiveCfg = Debug|Any CPU
		{C5D3BAEC-A07D-4802-B284-460A2FE53A6C}.Debug|Any CPU.Build.0 = Debug|Any CPU
		{C5D3BAEC-A07D-4802-B284-460A2FE53A6C}.Release|Any CPU.ActiveCfg = Release|Any CPU
		{C5D3BAEC-A07D-4802-B284-460A2FE53A6C}.Release|Any CPU.Build.0 = Release|Any CPU
		{32690B5C-6545-41F8-91B7-1B1F3DF81865}.Debug|Any CPU.ActiveCfg = Debug|Any CPU
		{32690B5C-6545-41F8-91B7-1B1F3DF81865}.Debug|Any CPU.Build.0 = Debug|Any CPU
		{32690B5C-6545-41F8-91B7-1B1F3DF81865}.Release|Any CPU.ActiveCfg = Release|Any CPU
		{32690B5C-6545-41F8-91B7-1B1F3DF81865}.Release|Any CPU.Build.0 = Release|Any CPU
	EndGlobalSection
	GlobalSection(SolutionProperties) = preSolution
		HideSolutionNode = FALSE
	EndGlobalSection
	GlobalSection(ExtensibilityGlobals) = postSolution
		SolutionGuid = {315BA2C6-6C4C-4023-8C23-C709E6EEC2A1}
	EndGlobalSection
EndGlobal
